
Microsoft Visual Studio Solution File, Format Version 12.00
# Visual Studio Version 17
VisualStudioVersion = 17.9.34701.34
MinimumVisualStudioVersion = 10.0.40219.1
Project("{FAE04EC0-301F-11D3-BF4B-00C04F79EFBC}") = "LibraryManagementSystem", "LibraryManagementSystem\LibraryManagementSystem.csproj", "{F22251EB-E230-4583-B771-72D57E7CB845}"
EndProject
Global
	GlobalSection(SolutionConfigurationPlatforms) = preSolution
		Debug|Any CPU = Debug|Any CPU
		Release|Any CPU = Release|Any CPU
	EndGlobalSection
	GlobalSection(ProjectConfigurationPlatforms) = postSolution
		{F22251EB-E230-4583-B771-72D57E7CB845}.Debug|Any CPU.ActiveCfg = Debug|Any CPU
		{F22251EB-E230-4583-B771-72D57E7CB845}.Debug|Any CPU.Build.0 = Debug|Any CPU
		{F22251EB-E230-4583-B771-72D57E7CB845}.Release|Any CPU.ActiveCfg = Release|Any CPU
		{F22251EB-E230-4583-B771-72D57E7CB845}.Release|Any CPU.Build.0 = Release|Any CPU
	EndGlobalSection
	GlobalSection(SolutionProperties) = preSolution
		HideSolutionNode = FALSE
	EndGlobalSection
	GlobalSection(ExtensibilityGlobals) = postSolution
		SolutionGuid = {7B718112-E0D4-41AB-8244-CCB628EB59C2}
	EndGlobalSection
EndGlobal
